github.com/abiiranathan/goflag v0.1.6 h1:uZNaq+/6YlTZ/sHs9Q/V0FJhsbRIX4laOX3gxe3wszA=
github.com/abiiranathan/goflag v0.1.6/go.mod h1:u7rLPeENKf4zOcwOvYs2/1f9uzU/11Ilmn6XtM0kaUw=
github.com/google/uuid v1.5.0 h1:1p67kYwdtXjb0gL0BPiP1Av9wiZPo5A8z2cWkTZ+eyU=
github.com/google/uuid v1.5.0/go.mod h1:TIyPZe4MgqvfeYDBFedMoGGpEw/LqOeaOT+nhxU+yHo=
github.com/mattn/go-sqlite3 v1.14.22 h1:2gZY6PC6kBnID23Tichd1K+Z0oS6nE/XwU+Vz/5o4kU=
github.com/mattn/go-sqlite3 v1.14.22/go.mod h1:Uh1q+B4BYcTPb+yiD3kU8Ct7aC0hY9fxUwlHK0RXw+Y=
